[[dependencies]]
name = "@openzeppelin-contracts"
version = "5.1.0"
url = "https://soldeer-revisions.s3.amazonaws.com/@openzeppelin-contracts/5_1_0_19-10-2024_10:28:52_contracts.zip"
checksum = "fd3d1ea561cb27897008aee18ada6e85f248eb161c86e4435272fc2b5777574f"
integrity = "cb6cf6e878f2943b2291d5636a9d72ac51d43d8135896ceb6cf88d36c386f212"

[[dependencies]]
name = "@openzeppelin-contracts-upgradeable"
version = "5.1.0"
url = "https://soldeer-revisions.s3.amazonaws.com/@openzeppelin-contracts-upgradeable/5_1_0_19-10-2024_10:28:58_contracts-upgradeable.zip"
checksum = "87854223d14941d6fda3d78d900217e79e25755ea5bc48beca035766fa6a4e7e"
integrity = "826fb621339dcee4261f848b283ec86364743d3c289d61f621747d95e315215a"

[[dependencies]]
name = "@uniswap-v3-core"
version = "1.0.2-solc-0.8-simulate"
url = "https://soldeer-revisions.s3.amazonaws.com/@uniswap-v3-core/1_0_2-solc-0_8-simulate_22-01-2024_13:19:54_v3-core.zip"
checksum = "68949c67a4f22044e4c8dc716362b6d79b07e8990e720bec9b116f54b233ef57"
integrity = "697a089ffe197580b6cfe07f0c4dd8a35da0836fd1d9e522f73efda4b7314e01"

[[dependencies]]
name = "@uniswap-v3-periphery"
version = "1.4.4"
url = "https://soldeer-revisions.s3.amazonaws.com/@uniswap-v3-periphery/1_4_4_22-01-2024_13:20:51_v3-periphery.zip"
checksum = "f1ce151585a084bb3ec6fb9cbce4520924d41398c3ce8979169de6f7f70d6a81"
integrity = "e101a06117b3274cd21a3032fa9a55446e842dc0e0e1b0b25008e094a446c453"

[[dependencies]]
name = "create2-helpers"
version = "0.3.2"
url = "https://soldeer-revisions.s3.amazonaws.com/create2-helpers/0_3_2_08-12-2024_21:22:20_create2-helpers.zip"
checksum = "4951b502066ed86f75682fc0eb07df336bbc4044e307b66dfb8e06eb4de33b11"
integrity = "e033f7b90a6d7877c6c51f3d1ca1a723392d1d96e9fb41fe908feebdb4c7adb5"

[[dependencies]]
name = "forge-std"
version = "1.9.4"
url = "https://soldeer-revisions.s3.amazonaws.com/forge-std/1_9_4_25-10-2024_14:36:59_forge-std-1.9.zip"
checksum = "b5be24beb5e4dab5e42221b2ad1288b64c826bee5ee71b6159ba93ffe86f14d4"
integrity = "3874463846ab995a6a9a88412913cacec6144f7605daa1af57c2d8bf3f210b13"

[[dependencies]]
name = "solady"
version = "0.0.275"
url = "https://soldeer-revisions.s3.amazonaws.com/solady/0_0_275_01-12-2024_07:00:26_solady.zip"
checksum = "99e81a68dc02c5ae92f67f0ea8e9614532432920d833b9879579cc4f239a6792"
integrity = "5bd204a06e1c82f1dadd3c948817e4cdf26efb3245291a59b8cede61f74b5e6c"
